{
  "nodes": {
    "bookdb": {
      "inputs": {
        "gitignore": [
          "gitignore"
        ],
        "nixpkgs": [
          "nixpkgs"
        ],
        "rust-overlay": [
          "rust-overlay"
        ]
      },
      "locked": {
        "lastModified": 1728639391,
        "narHash": "sha256-c+uhRXytvgl/UPGlTH3Lc8OlZUEGqqkwONeVV8xf1jg=",
        "owner": "barrucadu",
        "repo": "bookdb",
        "rev": "41ccb6193dbecae49f4c6282fec7846119c67dfd",
        "type": "github"
      },
      "original": {
        "owner": "barrucadu",
        "repo": "bookdb",
        "type": "github"
      }
    },
    "bookmarks": {
      "inputs": {
        "gitignore": [
          "gitignore"
        ],
        "nixpkgs": [
          "nixpkgs"
        ],
        "rust-overlay": [
          "rust-overlay"
        ]
      },
      "locked": {
        "lastModified": 1728639766,
        "narHash": "sha256-TUrQB5rMr47IXskB1oVi7zEe+FhXHvJ2ILOWXykWOC8=",
        "owner": "barrucadu",
        "repo": "bookmarks",
        "rev": "9ddbc1d40f8aa7eb9dcb12da4d8d6a024013a2b4",
        "type": "github"
      },
      "original": {
        "owner": "barrucadu",
        "repo": "bookmarks",
        "type": "github"
      }
    },
    "gitignore": {
      "inputs": {
        "nixpkgs": [
          "nixpkgs"
        ]
      },
      "locked": {
        "lastModified": 1709087332,
        "narHash": "sha256-HG2cCnktfHsKV0s4XW83gU3F57gaTljL9KNSuG6bnQs=",
        "owner": "hercules-ci",
        "repo": "gitignore.nix",
        "rev": "637db329424fd7e46cf4185293b9cc8c88c95394",
        "type": "github"
      },
      "original": {
        "owner": "hercules-ci",
        "repo": "gitignore.nix",
        "type": "github"
      }
    },
    "nixpkgs": {
      "locked": {
        "lastModified": 1729044727,
        "narHash": "sha256-GKJjtPY+SXfLF/yTN7M2cAnQB6RERFKnQhD8UvPSf3M=",
        "owner": "NixOS",
        "repo": "nixpkgs",
        "rev": "dc2e0028d274394f73653c7c90cc63edbb696be1",
        "type": "github"
      },
      "original": {
        "owner": "NixOS",
        "ref": "nixos-24.05",
        "repo": "nixpkgs",
        "type": "github"
      }
    },
    "prometheus-awair-exporter": {
      "inputs": {
        "gitignore": [
          "gitignore"
        ],
        "nixpkgs": [
          "nixpkgs"
        ]
      },
      "locked": {
        "lastModified": 1727979616,
        "narHash": "sha256-jNIJgHcamSAGYeLCdcZBPK0XMqqGTz6tgzbDc91MmQc=",
        "owner": "barrucadu",
        "repo": "prometheus-awair-exporter",
        "rev": "cc1ea778a0a8535cc5ea1aec99f67ecf7414d31d",
        "type": "github"
      },
      "original": {
        "owner": "barrucadu",
        "repo": "prometheus-awair-exporter",
        "type": "github"
      }
    },
    "resolved": {
      "inputs": {
        "gitignore": [
          "gitignore"
        ],
        "nixpkgs": [
          "nixpkgs"
        ],
        "rust-overlay": [
          "rust-overlay"
        ]
      },
      "locked": {
        "lastModified": 1728638751,
        "narHash": "sha256-OSlbOCoO4LO/w8JXIWt+evbj4nQtzHmM0E6a1bkPjGw=",
        "owner": "barrucadu",
        "repo": "resolved",
        "rev": "b055da14a2503cbd684a314c60f94a6c377caf4d",
        "type": "github"
      },
      "original": {
        "owner": "barrucadu",
        "repo": "resolved",
        "type": "github"
      }
    },
    "root": {
      "inputs": {
        "bookdb": "bookdb",
        "bookmarks": "bookmarks",
        "gitignore": "gitignore",
        "nixpkgs": "nixpkgs",
        "prometheus-awair-exporter": "prometheus-awair-exporter",
        "resolved": "resolved",
        "rust-overlay": "rust-overlay",
        "sops-nix": "sops-nix"
      }
    },
    "rust-overlay": {
      "inputs": {
        "nixpkgs": [
          "nixpkgs"
        ]
      },
      "locked": {
        "lastModified": 1729184663,
        "narHash": "sha256-uNyi5vQrzaLkt4jj6ZEOs4+4UqOAwP6jFG2s7LIDwIk=",
        "owner": "oxalica",
        "repo": "rust-overlay",
        "rev": "16fb78d443c1970dda9a0bbb93070c9d8598a925",
        "type": "github"
      },
      "original": {
        "owner": "oxalica",
        "repo": "rust-overlay",
        "type": "github"
      }
    },
    "sops-nix": {
      "inputs": {
        "nixpkgs": [
          "nixpkgs"
        ],
        "nixpkgs-stable": [
          "nixpkgs"
        ]
      },
      "locked": {
        "lastModified": 1728345710,
        "narHash": "sha256-lpunY1+bf90ts+sA2/FgxVNIegPDKCpEoWwOPu4ITTQ=",
        "owner": "Mic92",
        "repo": "sops-nix",
        "rev": "06535d0e3d0201e6a8080dd32dbfde339b94f01b",
        "type": "github"
      },
      "original": {
        "owner": "Mic92",
        "repo": "sops-nix",
        "type": "github"
      }
    }
  },
  "root": "root",
  "version": 7
}
