{
  "nodes": {
    "bookdb": {
      "inputs": {
        "gitignore": [
          "gitignore"
        ],
        "nixpkgs": [
          "nixpkgs"
        ],
        "rust-overlay": [
          "rust-overlay"
        ]
      },
      "locked": {
        "lastModified": 1714723885,
        "narHash": "sha256-9UhQFFWzMAOlaWMyeCq60fqh9BHW8cREr8NKMa5DsDQ=",
        "owner": "barrucadu",
        "repo": "bookdb",
        "rev": "ad29adf8aa111d649001356fb37c5f6174252194",
        "type": "github"
      },
      "original": {
        "owner": "barrucadu",
        "repo": "bookdb",
        "type": "github"
      }
    },
    "bookmarks": {
      "inputs": {
        "gitignore": [
          "gitignore"
        ],
        "nixpkgs": [
          "nixpkgs"
        ],
        "rust-overlay": [
          "rust-overlay"
        ]
      },
      "locked": {
        "lastModified": 1714723921,
        "narHash": "sha256-DV8cIiqfcNkNc95D/69srRBAtf6jBSynF56NlV78U4c=",
        "owner": "barrucadu",
        "repo": "bookmarks",
        "rev": "80f5abfc3dddea010bc653390fbf0e4b63fe16f0",
        "type": "github"
      },
      "original": {
        "owner": "barrucadu",
        "repo": "bookmarks",
        "type": "github"
      }
    },
    "flake-utils": {
      "inputs": {
        "systems": "systems"
      },
      "locked": {
        "lastModified": 1705309234,
        "narHash": "sha256-uNRRNRKmJyCRC/8y1RqBkqWBLM034y4qN7EprSdmgyA=",
        "owner": "numtide",
        "repo": "flake-utils",
        "rev": "1ef2e671c3b0c19053962c07dbda38332dcebf26",
        "type": "github"
      },
      "original": {
        "owner": "numtide",
        "repo": "flake-utils",
        "type": "github"
      }
    },
    "gitignore": {
      "inputs": {
        "nixpkgs": [
          "nixpkgs"
        ]
      },
      "locked": {
        "lastModified": 1709087332,
        "narHash": "sha256-HG2cCnktfHsKV0s4XW83gU3F57gaTljL9KNSuG6bnQs=",
        "owner": "hercules-ci",
        "repo": "gitignore.nix",
        "rev": "637db329424fd7e46cf4185293b9cc8c88c95394",
        "type": "github"
      },
      "original": {
        "owner": "hercules-ci",
        "repo": "gitignore.nix",
        "type": "github"
      }
    },
    "nixpkgs": {
      "locked": {
        "lastModified": 1714531828,
        "narHash": "sha256-ILsf3bdY/hNNI/Hu5bSt2/KbmHaAVhBbNUOdGztTHEg=",
        "owner": "NixOS",
        "repo": "nixpkgs",
        "rev": "0638fe2715d998fa81d173aad264eb671ce2ebc1",
        "type": "github"
      },
      "original": {
        "owner": "NixOS",
        "ref": "nixos-23.11",
        "repo": "nixpkgs",
        "type": "github"
      }
    },
    "prometheus-awair-exporter": {
      "inputs": {
        "gitignore": [
          "gitignore"
        ],
        "nixpkgs": [
          "nixpkgs"
        ]
      },
      "locked": {
        "lastModified": 1714728014,
        "narHash": "sha256-Gv0a6WNoSKmTAlDSuua9Uvd64+GEmTWHHEKQtAoVvhg=",
        "owner": "barrucadu",
        "repo": "prometheus-awair-exporter",
        "rev": "63e5d8a35b17201175a2783976146fb97c22994c",
        "type": "github"
      },
      "original": {
        "owner": "barrucadu",
        "repo": "prometheus-awair-exporter",
        "type": "github"
      }
    },
    "resolved": {
      "inputs": {
        "gitignore": [
          "gitignore"
        ],
        "nixpkgs": [
          "nixpkgs"
        ],
        "rust-overlay": [
          "rust-overlay"
        ]
      },
      "locked": {
        "lastModified": 1714723930,
        "narHash": "sha256-gr8MiHzCS+VPq09VlpPpeZlSW63KJ5u/CB/OEhITnBY=",
        "owner": "barrucadu",
        "repo": "resolved",
        "rev": "66fb9a30822aa2c1e220bd56250bbd4eb97311fb",
        "type": "github"
      },
      "original": {
        "owner": "barrucadu",
        "repo": "resolved",
        "type": "github"
      }
    },
    "root": {
      "inputs": {
        "bookdb": "bookdb",
        "bookmarks": "bookmarks",
        "gitignore": "gitignore",
        "nixpkgs": "nixpkgs",
        "prometheus-awair-exporter": "prometheus-awair-exporter",
        "resolved": "resolved",
        "rust-overlay": "rust-overlay",
        "sops-nix": "sops-nix"
      }
    },
    "rust-overlay": {
      "inputs": {
        "flake-utils": "flake-utils",
        "nixpkgs": [
          "nixpkgs"
        ]
      },
      "locked": {
        "lastModified": 1714702555,
        "narHash": "sha256-/NoUbE5S5xpK1FU3nlHhQ/tL126+JcisXdzy3Ng4pDU=",
        "owner": "oxalica",
        "repo": "rust-overlay",
        "rev": "7f0e3ef7b7fbed78e12e5100851175d28af4b7c6",
        "type": "github"
      },
      "original": {
        "owner": "oxalica",
        "repo": "rust-overlay",
        "type": "github"
      }
    },
    "sops-nix": {
      "inputs": {
        "nixpkgs": [
          "nixpkgs"
        ],
        "nixpkgs-stable": [
          "nixpkgs"
        ]
      },
      "locked": {
        "lastModified": 1713892811,
        "narHash": "sha256-uIGmA2xq41vVFETCF1WW4fFWFT2tqBln+aXnWrvjGRE=",
        "owner": "Mic92",
        "repo": "sops-nix",
        "rev": "f1b0adc27265274e3b0c9b872a8f476a098679bd",
        "type": "github"
      },
      "original": {
        "owner": "Mic92",
        "repo": "sops-nix",
        "type": "github"
      }
    },
    "systems": {
      "locked": {
        "lastModified": 1681028828,
        "narHash": "sha256-Vy1rq5AaRuLzOxct8nz4T6wlgyUR7zLU309k9mBC768=",
        "owner": "nix-systems",
        "repo": "default",
        "rev": "da67096a3b9bf56a91d16901293e51ba5b49a27e",
        "type": "github"
      },
      "original": {
        "owner": "nix-systems",
        "repo": "default",
        "type": "github"
      }
    }
  },
  "root": "root",
  "version": 7
}
