{
  "nodes": {
    "bookdb": {
      "inputs": {
        "gitignore": [
          "gitignore"
        ],
        "nixpkgs": [
          "nixpkgs"
        ],
        "rust-overlay": [
          "rust-overlay"
        ]
      },
      "locked": {
        "lastModified": 1724458349,
        "narHash": "sha256-iJy6ESN+XAt5xt2WW2Uq88DOw0FPo5qPYNKzpuf9UoM=",
        "owner": "barrucadu",
        "repo": "bookdb",
        "rev": "fb4881182b08f4c800202364b1c2ee016c77ec63",
        "type": "github"
      },
      "original": {
        "owner": "barrucadu",
        "repo": "bookdb",
        "type": "github"
      }
    },
    "bookmarks": {
      "inputs": {
        "gitignore": [
          "gitignore"
        ],
        "nixpkgs": [
          "nixpkgs"
        ],
        "rust-overlay": [
          "rust-overlay"
        ]
      },
      "locked": {
        "lastModified": 1724444269,
        "narHash": "sha256-QwFOa6dGCZRouOwgf0/2rQ9GgM9/6FzSVvBlXXK9vvo=",
        "owner": "barrucadu",
        "repo": "bookmarks",
        "rev": "50c49b3413b67b7af90db8cb161cb2dca952a669",
        "type": "github"
      },
      "original": {
        "owner": "barrucadu",
        "repo": "bookmarks",
        "type": "github"
      }
    },
    "gitignore": {
      "inputs": {
        "nixpkgs": [
          "nixpkgs"
        ]
      },
      "locked": {
        "lastModified": 1709087332,
        "narHash": "sha256-HG2cCnktfHsKV0s4XW83gU3F57gaTljL9KNSuG6bnQs=",
        "owner": "hercules-ci",
        "repo": "gitignore.nix",
        "rev": "637db329424fd7e46cf4185293b9cc8c88c95394",
        "type": "github"
      },
      "original": {
        "owner": "hercules-ci",
        "repo": "gitignore.nix",
        "type": "github"
      }
    },
    "nixpkgs": {
      "locked": {
        "lastModified": 1724316499,
        "narHash": "sha256-Qb9MhKBUTCfWg/wqqaxt89Xfi6qTD3XpTzQ9eXi3JmE=",
        "owner": "NixOS",
        "repo": "nixpkgs",
        "rev": "797f7dc49e0bc7fab4b57c021cdf68f595e47841",
        "type": "github"
      },
      "original": {
        "owner": "NixOS",
        "ref": "nixos-24.05",
        "repo": "nixpkgs",
        "type": "github"
      }
    },
    "prometheus-awair-exporter": {
      "inputs": {
        "gitignore": [
          "gitignore"
        ],
        "nixpkgs": [
          "nixpkgs"
        ]
      },
      "locked": {
        "lastModified": 1715878782,
        "narHash": "sha256-oJ1S84Le6iq0aKqaaxTJwGRmHtARiPD68a0HNMWS6CM=",
        "owner": "barrucadu",
        "repo": "prometheus-awair-exporter",
        "rev": "63a75df0c6fa317729f35a9d0834d226a28cd5f4",
        "type": "github"
      },
      "original": {
        "owner": "barrucadu",
        "repo": "prometheus-awair-exporter",
        "type": "github"
      }
    },
    "resolved": {
      "inputs": {
        "gitignore": [
          "gitignore"
        ],
        "nixpkgs": [
          "nixpkgs"
        ],
        "rust-overlay": [
          "rust-overlay"
        ]
      },
      "locked": {
        "lastModified": 1724446833,
        "narHash": "sha256-4gUcUEJSbmT5hKW1UQpL5Ifq6WZ8QI3Zh7MFeW1auVg=",
        "owner": "barrucadu",
        "repo": "resolved",
        "rev": "5f138171558f995c9e0bd13366deea7f2d7c6988",
        "type": "github"
      },
      "original": {
        "owner": "barrucadu",
        "repo": "resolved",
        "type": "github"
      }
    },
    "root": {
      "inputs": {
        "bookdb": "bookdb",
        "bookmarks": "bookmarks",
        "gitignore": "gitignore",
        "nixpkgs": "nixpkgs",
        "prometheus-awair-exporter": "prometheus-awair-exporter",
        "resolved": "resolved",
        "rust-overlay": "rust-overlay",
        "sops-nix": "sops-nix"
      }
    },
    "rust-overlay": {
      "inputs": {
        "nixpkgs": [
          "nixpkgs"
        ]
      },
      "locked": {
        "lastModified": 1724466314,
        "narHash": "sha256-ltKuK6shQ64uej1mYNtBsDYxttUNFiv9AcHqk0+0NQM=",
        "owner": "oxalica",
        "repo": "rust-overlay",
        "rev": "2b5b3edd96ef336b00622dcabc13788fdef9e3ca",
        "type": "github"
      },
      "original": {
        "owner": "oxalica",
        "repo": "rust-overlay",
        "type": "github"
      }
    },
    "sops-nix": {
      "inputs": {
        "nixpkgs": [
          "nixpkgs"
        ],
        "nixpkgs-stable": [
          "nixpkgs"
        ]
      },
      "locked": {
        "lastModified": 1723501126,
        "narHash": "sha256-N9IcHgj/p1+2Pvk8P4Zc1bfrMwld5PcosVA0nL6IGdE=",
        "owner": "Mic92",
        "repo": "sops-nix",
        "rev": "be0eec2d27563590194a9206f551a6f73d52fa34",
        "type": "github"
      },
      "original": {
        "owner": "Mic92",
        "repo": "sops-nix",
        "type": "github"
      }
    }
  },
  "root": "root",
  "version": 7
}
